{
  "name": "07-pure-ts",
  "version": "1.0.0",
  "lockfileVersion": 3,
  "requires": true,
  "packages": {
    "": {
      "name": "07-pure-ts",
      "version": "1.0.0",
      "license": "ISC",
      "dependencies": {
        "07-pure-ts": "file:"
      }
    },
    "node_modules/07-pure-ts": {
      "resolved": "",
      "link": true
    }
  }
}
